// !$*UTF8*$!
{
	archiveVersion = 1;
	classes = {
	};
	objectVersion = 55;
	objects = {

/* Begin PBXBuildFile section */
		266AA3BB28D86755006E07AD /* AppDelegate.swift in Sources */ = {isa = PBXBuildFile; fileRef = 266AA3BA28D86755006E07AD /* AppDelegate.swift */; };
		266AA3BD28D86755006E07AD /* SceneDelegate.swift in Sources */ = {isa = PBXBuildFile; fileRef = 266AA3BC28D86755006E07AD /* SceneDelegate.swift */; };
		266AA3BF28D86755006E07AD /* ViewController.swift in Sources */ = {isa = PBXBuildFile; fileRef = 266AA3BE28D86755006E07AD /* ViewController.swift */; };
		266AA3C228D86755006E07AD /* Main.storyboard in Resources */ = {isa = PBXBuildFile; fileRef = 266AA3C028D86755006E07AD /* Main.storyboard */; };
		266AA3C428D86757006E07AD /* Assets.xcassets in Resources */ = {isa = PBXBuildFile; fileRef = 266AA3C328D86757006E07AD /* Assets.xcassets */; };
		266AA3C728D86757006E07AD /* LaunchScreen.storyboard in Resources */ = {isa = PBXBuildFile; fileRef = 266AA3C528D86757006E07AD /* LaunchScreen.storyboard */; };
		266AA3D228D86757006E07AD /* GitHubTests.swift in Sources */ = {isa = PBXBuildFile; fileRef = 266AA3D128D86757006E07AD /* GitHubTests.swift */; };
		266AA3DC28D86757006E07AD /* GitHubUITests.swift in Sources */ = {isa = PBXBuildFile; fileRef = 266AA3DB28D86757006E07AD /* GitHubUITests.swift */; };
		266AA3DE28D86757006E07AD /* GitHubUITestsLaunchTests.swift in Sources */ = {isa = PBXBuildFile; fileRef = 266AA3DD28D86757006E07AD /* GitHubUITestsLaunchTests.swift */; };
		266AA3EB28D96E61006E07AD /* testfile.swift in Sources */ = {isa = PBXBuildFile; fileRef = 266AA3EA28D96E61006E07AD /* testfile.swift */; };
/* End PBXBuildFile section */

/* Begin PBXContainerItemProxy section */
		266AA3CE28D86757006E07AD /* PBXContainerItemProxy */ = {
			isa = PBXContainerItemProxy;
			containerPortal = 266AA3AF28D86755006E07AD /* Project object */;
			proxyType = 1;
			remoteGlobalIDString = 266AA3B628D86755006E07AD;
			remoteInfo = GitHub;
		};
		266AA3D828D86757006E07AD /* PBXContainerItemProxy */ = {
			isa = PBXContainerItemProxy;
			containerPortal = 266AA3AF28D86755006E07AD /* Project object */;
			proxyType = 1;
			remoteGlobalIDString = 266AA3B628D86755006E07AD;
			remoteInfo = GitHub;
		};
/* End PBXContainerItemProxy section */

/* Begin PBXFileReference section */
		266AA3B728D86755006E07AD /* GitHub.app */ = {isa = PBXFileReference; explicitFileType = wrapper.application; includeInIndex = 0; path = GitHub.app; sourceTree = BUILT_PRODUCTS_DIR; };
		266AA3BA28D86755006E07AD /* AppDelegate.swift */ = {isa = PBXFileReference; lastKnownFileType = sourcecode.swift; path = AppDelegate.swift; sourceTree = "<group>"; };
		266AA3BC28D86755006E07AD /* SceneDelegate.swift */ = {isa = PBXFileReference; lastKnownFileType = sourcecode.swift; path = SceneDelegate.swift; sourceTree = "<group>"; };
		266AA3BE28D86755006E07AD /* ViewController.swift */ = {isa = PBXFileReference; lastKnownFileType = sourcecode.swift; path = ViewController.swift; sourceTree = "<group>"; };
		266AA3C128D86755006E07AD /* Base */ = {isa = PBXFileReference; lastKnownFileType = file.storyboard; name = Base; path = Base.lproj/Main.storyboard; sourceTree = "<group>"; };
		266AA3C328D86757006E07AD /* Assets.xcassets */ = {isa = PBXFileReference; lastKnownFileType = folder.assetcatalog; path = Assets.xcassets; sourceTree = "<group>"; };
		266AA3C628D86757006E07AD /* Base */ = {isa = PBXFileReference; lastKnownFileType = file.storyboard; name = Base; path = Base.lproj/LaunchScreen.storyboard; sourceTree = "<group>"; };
		266AA3C828D86757006E07AD /* Info.plist */ = {isa = PBXFileReference; lastKnownFileType = text.plist.xml; path = Info.plist; sourceTree = "<group>"; };
		266AA3CD28D86757006E07AD /* GitHubTests.xctest */ = {isa = PBXFileReference; explicitFileType = wrapper.cfbundle; includeInIndex = 0; path = GitHubTests.xctest; sourceTree = BUILT_PRODUCTS_DIR; };
		266AA3D128D86757006E07AD /* GitHubTests.swift */ = {isa = PBXFileReference; lastKnownFileType = sourcecode.swift; path = GitHubTests.swift; sourceTree = "<group>"; };
		266AA3D728D86757006E07AD /* GitHubUITests.xctest */ = {isa = PBXFileReference; explicitFileType = wrapper.cfbundle; includeInIndex = 0; path = GitHubUITests.xctest; sourceTree = BUILT_PRODUCTS_DIR; };
		266AA3DB28D86757006E07AD /* GitHubUITests.swift */ = {isa = PBXFileReference; lastKnownFileType = sourcecode.swift; path = GitHubUITests.swift; sourceTree = "<group>"; };
		266AA3DD28D86757006E07AD /* GitHubUITestsLaunchTests.swift */ = {isa = PBXFileReference; lastKnownFileType = sourcecode.swift; path = GitHubUITestsLaunchTests.swift; sourceTree = "<group>"; };
		266AA3EA28D96E61006E07AD /* testfile.swift */ = {isa = PBXFileReference; lastKnownFileType = sourcecode.swift; path = testfile.swift; sourceTree = "<group>"; };
/* End PBXFileReference section */

/* Begin PBXFrameworksBuildPhase section */
		266AA3B428D86755006E07AD /* Frameworks */ = {
			isa = PBXFrameworksBuildPhase;
			buildActionMask = 2147483647;
			files = (
			);
			runOnlyForDeploymentPostprocessing = 0;
		};
		266AA3CA28D86757006E07AD /* Frameworks */ = {
			isa = PBXFrameworksBuildPhase;
			buildActionMask = 2147483647;
			files = (
			);
			runOnlyForDeploymentPostprocessing = 0;
		};
		266AA3D428D86757006E07AD /* Frameworks */ = {
			isa = PBXFrameworksBuildPhase;
			buildActionMask = 2147483647;
			files = (
			);
			runOnlyForDeploymentPostprocessing = 0;
		};
/* End PBXFrameworksBuildPhase section */

/* Begin PBXGroup section */
		266AA3AE28D86755006E07AD = {
			isa = PBXGroup;
			children = (
				266AA3B928D86755006E07AD /* GitHub */,
				266AA3D028D86757006E07AD /* GitHubTests */,
				266AA3DA28D86757006E07AD /* GitHubUITests */,
				266AA3B828D86755006E07AD /* Products */,
			);
			sourceTree = "<group>";
		};
		266AA3B828D86755006E07AD /* Products */ = {
			isa = PBXGroup;
			children = (
				266AA3B728D86755006E07AD /* GitHub.app */,
				266AA3CD28D86757006E07AD /* GitHubTests.xctest */,
				266AA3D728D86757006E07AD /* GitHubUITests.xctest */,
			);
			name = Products;
			sourceTree = "<group>";
		};
		266AA3B928D86755006E07AD /* GitHub */ = {
			isa = PBXGroup;
			children = (
				266AA3BA28D86755006E07AD /* AppDelegate.swift */,
				266AA3BC28D86755006E07AD /* SceneDelegate.swift */,
				266AA3BE28D86755006E07AD /* ViewController.swift */,
				266AA3C028D86755006E07AD /* Main.storyboard */,
				266AA3C328D86757006E07AD /* Assets.xcassets */,
				266AA3C528D86757006E07AD /* LaunchScreen.storyboard */,
				266AA3C828D86757006E07AD /* Info.plist */,
				266AA3EA28D96E61006E07AD /* testfile.swift */,
			);
			path = GitHub;
			sourceTree = "<group>";
		};
		266AA3D028D86757006E07AD /* GitHubTests */ = {
			isa = PBXGroup;
			children = (
				266AA3D128D86757006E07AD /* GitHubTests.swift */,
			);
			path = GitHubTests;
			sourceTree = "<group>";
		};
		266AA3DA28D86757006E07AD /* GitHubUITests */ = {
			isa = PBXGroup;
			children = (
				266AA3DB28D86757006E07AD /* GitHubUITests.swift */,
				266AA3DD28D86757006E07AD /* GitHubUITestsLaunchTests.swift */,
			);
			path = GitHubUITests;
			sourceTree = "<group>";
		};
/* End PBXGroup section */

/* Begin PBXNativeTarget section */
		266AA3B628D86755006E07AD /* GitHub */ = {
			isa = PBXNativeTarget;
			buildConfigurationList = 266AA3E128D86757006E07AD /* Build configuration list for PBXNativeTarget "GitHub" */;
			buildPhases = (
				266AA3B328D86755006E07AD /* Sources */,
				266AA3B428D86755006E07AD /* Frameworks */,
				266AA3B528D86755006E07AD /* Resources */,
			);
			buildRules = (
			);
			dependencies = (
			);
			name = GitHub;
			productName = GitHub;
			productReference = 266AA3B728D86755006E07AD /* GitHub.app */;
			productType = "com.apple.product-type.application";
		};
		266AA3CC28D86757006E07AD /* GitHubTests */ = {
			isa = PBXNativeTarget;
			buildConfigurationList = 266AA3E428D86757006E07AD /* Build configuration list for PBXNativeTarget "GitHubTests" */;
			buildPhases = (
				266AA3C928D86757006E07AD /* Sources */,
				266AA3CA28D86757006E07AD /* Frameworks */,
				266AA3CB28D86757006E07AD /* Resources */,
			);
			buildRules = (
			);
			dependencies = (
				266AA3CF28D86757006E07AD /* PBXTargetDependency */,
			);
			name = GitHubTests;
			productName = GitHubTests;
			productReference = 266AA3CD28D86757006E07AD /* GitHubTests.xctest */;
			productType = "com.apple.product-type.bundle.unit-test";
		};
		266AA3D628D86757006E07AD /* GitHubUITests */ = {
			isa = PBXNativeTarget;
			buildConfigurationList = 266AA3E728D86757006E07AD /* Build configuration list for PBXNativeTarget "GitHubUITests" */;
			buildPhases = (
				266AA3D328D86757006E07AD /* Sources */,
				266AA3D428D86757006E07AD /* Frameworks */,
				266AA3D528D86757006E07AD /* Resources */,
			);
			buildRules = (
			);
			dependencies = (
				266AA3D928D86757006E07AD /* PBXTargetDependency */,
			);
			name = GitHubUITests;
			productName = GitHubUITests;
			productReference = 266AA3D728D86757006E07AD /* GitHubUITests.xctest */;
			productType = "com.apple.product-type.bundle.ui-testing";
		};
/* End PBXNativeTarget section */

/* Begin PBXProject section */
		266AA3AF28D86755006E07AD /* Project object */ = {
			isa = PBXProject;
			attributes = {
				BuildIndependentTargetsInParallel = 1;
				LastSwiftUpdateCheck = 1320;
				LastUpgradeCheck = 1320;
				TargetAttributes = {
					266AA3B628D86755006E07AD = {
						CreatedOnToolsVersion = 13.2.1;
					};
					266AA3CC28D86757006E07AD = {
						CreatedOnToolsVersion = 13.2.1;
						TestTargetID = 266AA3B628D86755006E07AD;
					};
					266AA3D628D86757006E07AD = {
						CreatedOnToolsVersion = 13.2.1;
						TestTargetID = 266AA3B628D86755006E07AD;
					};
				};
			};
			buildConfigurationList = 266AA3B228D86755006E07AD /* Build configuration list for PBXProject "GitHub" */;
			compatibilityVersion = "Xcode 13.0";
			developmentRegion = en;
			hasScannedForEncodings = 0;
			knownRegions = (
				en,
				Base,
			);
			mainGroup = 266AA3AE28D86755006E07AD;
			productRefGroup = 266AA3B828D86755006E07AD /* Products */;
			projectDirPath = "";
			projectRoot = "";
			targets = (
				266AA3B628D86755006E07AD /* GitHub */,
				266AA3CC28D86757006E07AD /* GitHubTests */,
				266AA3D628D86757006E07AD /* GitHubUITests */,
			);
		};
/* End PBXProject section */

/* Begin PBXResourcesBuildPhase section */
		266AA3B528D86755006E07AD /* Resources */ = {
			isa = PBXResourcesBuildPhase;
			buildActionMask = 2147483647;
			files = (
				266AA3C728D86757006E07AD /* LaunchScreen.storyboard in Resources */,
				266AA3C428D86757006E07AD /* Assets.xcassets in Resources */,
				266AA3C228D86755006E07AD /* Main.storyboard in Resources */,
			);
			runOnlyForDeploymentPostprocessing = 0;
		};
		266AA3CB28D86757006E07AD /* Resources */ = {
			isa = PBXResourcesBuildPhase;
			buildActionMask = 2147483647;
			files = (
			);
			runOnlyForDeploymentPostprocessing = 0;
		};
		266AA3D528D86757006E07AD /* Resources */ = {
			isa = PBXResourcesBuildPhase;
			buildActionMask = 2147483647;
			files = (
			);
			runOnlyForDeploymentPostprocessing = 0;
		};
/* End PBXResourcesBuildPhase section */

/* Begin PBXSourcesBuildPhase section */
		266AA3B328D86755006E07AD /* Sources */ = {
			isa = PBXSourcesBuildPhase;
			buildActionMask = 2147483647;
			files = (
				266AA3BF28D86755006E07AD /* ViewController.swift in Sources */,
				266AA3EB28D96E61006E07AD /* testfile.swift in Sources */,
				266AA3BB28D86755006E07AD /* AppDelegate.swift in Sources */,
				266AA3BD28D86755006E07AD /* SceneDelegate.swift in Sources */,
			);
			runOnlyForDeploymentPostprocessing = 0;
		};
		266AA3C928D86757006E07AD /* Sources */ = {
			isa = PBXSourcesBuildPhase;
			buildActionMask = 2147483647;
			files = (
				266AA3D228D86757006E07AD /* GitHubTests.swift in Sources */,
			);
			runOnlyForDeploymentPostprocessing = 0;
		};
		266AA3D328D86757006E07AD /* Sources */ = {
			isa = PBXSourcesBuildPhase;
			buildActionMask = 2147483647;
			files = (
				266AA3DC28D86757006E07AD /* GitHubUITests.swift in Sources */,
				266AA3DE28D86757006E07AD /* GitHubUITestsLaunchTests.swift in Sources */,
			);
			runOnlyForDeploymentPostprocessing = 0;
		};
/* End PBXSourcesBuildPhase section */

/* Begin PBXTargetDependency section */
		266AA3CF28D86757006E07AD /* PBXTargetDependency */ = {
			isa = PBXTargetDependency;
			target = 266AA3B628D86755006E07AD /* GitHub */;
			targetProxy = 266AA3CE28D86757006E07AD /* PBXContainerItemProxy */;
		};
		266AA3D928D86757006E07AD /* PBXTargetDependency */ = {
			isa = PBXTargetDependency;
			target = 266AA3B628D86755006E07AD /* GitHub */;
			targetProxy = 266AA3D828D86757006E07AD /* PBXContainerItemProxy */;
		};
/* End PBXTargetDependency section */

/* Begin PBXVariantGroup section */
		266AA3C028D86755006E07AD /* Main.storyboard */ = {
			isa = PBXVariantGroup;
			children = (
				266AA3C128D86755006E07AD /* Base */,
			);
			name = Main.storyboard;
			sourceTree = "<group>";
		};
		266AA3C528D86757006E07AD /* LaunchScreen.storyboard */ = {
			isa = PBXVariantGroup;
			children = (
				266AA3C628D86757006E07AD /* Base */,
			);
			name = LaunchScreen.storyboard;
			sourceTree = "<group>";
		};
/* End PBXVariantGroup section */

/* Begin XCBuildConfiguration section */
		266AA3DF28D86757006E07AD /* Debug */ = {
			isa = XCBuildConfiguration;
			buildSettings = {
				ALWAYS_SEARCH_USER_PATHS = NO;
				CLANG_ANALYZER_NONNULL = YES;
				CLANG_ANALYZER_NUMBER_OBJECT_CONVERSION = YES_AGGRESSIVE;
				CLANG_CXX_LANGUAGE_STANDARD = "gnu++17";
				CLANG_CXX_LIBRARY = "libc++";
				CLANG_ENABLE_MODULES = YES;
				CLANG_ENABLE_OBJC_ARC = YES;
				CLANG_ENABLE_OBJC_WEAK = YES;
				CLANG_WARN_BLOCK_CAPTURE_AUTORELEASING = YES;
				CLANG_WARN_BOOL_CONVERSION = YES;
				CLANG_WARN_COMMA = YES;
				CLANG_WARN_CONSTANT_CONVERSION = YES;
				CLANG_WARN_DEPRECATED_OBJC_IMPLEMENTATIONS = YES;
				CLANG_WARN_DIRECT_OBJC_ISA_USAGE = YES_ERROR;
				CLANG_WARN_DOCUMENTATION_COMMENTS = YES;
				CLANG_WARN_EMPTY_BODY = YES;
				CLANG_WARN_ENUM_CONVERSION = YES;
				CLANG_WARN_INFINITE_RECURSION = YES;
				CLANG_WARN_INT_CONVERSION = YES;
				CLANG_WARN_NON_LITERAL_NULL_CONVERSION = YES;
				CLANG_WARN_OBJC_IMPLICIT_RETAIN_SELF = YES;
				CLANG_WARN_OBJC_LITERAL_CONVERSION = YES;
				CLANG_WARN_OBJC_ROOT_CLASS = YES_ERROR;
				CLANG_WARN_QUOTED_INCLUDE_IN_FRAMEWORK_HEADER = YES;
				CLANG_WARN_RANGE_LOOP_ANALYSIS = YES;
				CLANG_WARN_STRICT_PROTOTYPES = YES;
				CLANG_WARN_SUSPICIOUS_MOVE = YES;
				CLANG_WARN_UNGUARDED_AVAILABILITY = YES_AGGRESSIVE;
				CLANG_WARN_UNREACHABLE_CODE = YES;
				CLANG_WARN__DUPLICATE_METHOD_MATCH = YES;
				COPY_PHASE_STRIP = NO;
				DEBUG_INFORMATION_FORMAT = dwarf;
				ENABLE_STRICT_OBJC_MSGSEND = YES;
				ENABLE_TESTABILITY = YES;
				GCC_C_LANGUAGE_STANDARD = gnu11;
				GCC_DYNAMIC_NO_PIC = NO;
				GCC_NO_COMMON_BLOCKS = YES;
				GCC_OPTIMIZATION_LEVEL = 0;
				GCC_PREPROCESSOR_DEFINITIONS = (
					"DEBUG=1",
					"$(inherited)",
				);
				GCC_WARN_64_TO_32_BIT_CONVERSION = YES;
				GCC_WARN_ABOUT_RETURN_TYPE = YES_ERROR;
				GCC_WARN_UNDECLARED_SELECTOR = YES;
				GCC_WARN_UNINITIALIZED_AUTOS = YES_AGGRESSIVE;
				GCC_WARN_UNUSED_FUNCTION = YES;
				GCC_WARN_UNUSED_VARIABLE = YES;
				IPHONEOS_DEPLOYMENT_TARGET = 15.2;
				MTL_ENABLE_DEBUG_INFO = INCLUDE_SOURCE;
				MTL_FAST_MATH = YES;
				ONLY_ACTIVE_ARCH = YES;
				SDKROOT = iphoneos;
				SWIFT_ACTIVE_COMPILATION_CONDITIONS = DEBUG;
				SWIFT_OPTIMIZATION_LEVEL = "-Onone";
			};
			name = Debug;
		};
		266AA3E028D86757006E07AD /* Release */ = {
			isa = XCBuildConfiguration;
			buildSettings = {
				ALWAYS_SEARCH_USER_PATHS = NO;
				CLANG_ANALYZER_NONNULL = YES;
				CLANG_ANALYZER_NUMBER_OBJECT_CONVERSION = YES_AGGRESSIVE;
				CLANG_CXX_LANGUAGE_STANDARD = "gnu++17";
				CLANG_CXX_LIBRARY = "libc++";
				CLANG_ENABLE_MODULES = YES;
				CLANG_ENABLE_OBJC_ARC = YES;
				CLANG_ENABLE_OBJC_WEAK = YES;
				CLANG_WARN_BLOCK_CAPTURE_AUTORELEASING = YES;
				CLANG_WARN_BOOL_CONVERSION = YES;
				CLANG_WARN_COMMA = YES;
				CLANG_WARN_CONSTANT_CONVERSION = YES;
				CLANG_WARN_DEPRECATED_OBJC_IMPLEMENTATIONS = YES;
				CLANG_WARN_DIRECT_OBJC_ISA_USAGE = YES_ERROR;
				CLANG_WARN_DOCUMENTATION_COMMENTS = YES;
				CLANG_WARN_EMPTY_BODY = YES;
				CLANG_WARN_ENUM_CONVERSION = YES;
				CLANG_WARN_INFINITE_RECURSION = YES;
				CLANG_WARN_INT_CONVERSION = YES;
				CLANG_WARN_NON_LITERAL_NULL_CONVERSION = YES;
				CLANG_WARN_OBJC_IMPLICIT_RETAIN_SELF = YES;
				CLANG_WARN_OBJC_LITERAL_CONVERSION = YES;
				CLANG_WARN_OBJC_ROOT_CLASS = YES_ERROR;
				CLANG_WARN_QUOTED_INCLUDE_IN_FRAMEWORK_HEADER = YES;
				CLANG_WARN_RANGE_LOOP_ANALYSIS = YES;
				CLANG_WARN_STRICT_PROTOTYPES = YES;
				CLANG_WARN_SUSPICIOUS_MOVE = YES;
				CLANG_WARN_UNGUARDED_AVAILABILITY = YES_AGGRESSIVE;
				CLANG_WARN_UNREACHABLE_CODE = YES;
				CLANG_WARN__DUPLICATE_METHOD_MATCH = YES;
				COPY_PHASE_STRIP = NO;
				DEBUG_INFORMATION_FORMAT = "dwarf-with-dsym";
				ENABLE_NS_ASSERTIONS = NO;
				ENABLE_STRICT_OBJC_MSGSEND = YES;
				GCC_C_LANGUAGE_STANDARD = gnu11;
				GCC_NO_COMMON_BLOCKS = YES;
				GCC_WARN_64_TO_32_BIT_CONVERSION = YES;
				GCC_WARN_ABOUT_RETURN_TYPE = YES_ERROR;
				GCC_WARN_UNDECLARED_SELECTOR = YES;
				GCC_WARN_UNINITIALIZED_AUTOS = YES_AGGRESSIVE;
				GCC_WARN_UNUSED_FUNCTION = YES;
				GCC_WARN_UNUSED_VARIABLE = YES;
				IPHONEOS_DEPLOYMENT_TARGET = 15.2;
				MTL_ENABLE_DEBUG_INFO = NO;
				MTL_FAST_MATH = YES;
				SDKROOT = iphoneos;
				SWIFT_COMPILATION_MODE = wholemodule;
				SWIFT_OPTIMIZATION_LEVEL = "-O";
				VALIDATE_PRODUCT = YES;
			};
			name = Release;
		};
		266AA3E228D86757006E07AD /* Debug */ = {
			isa = XCBuildConfiguration;
			buildSettings = {
				ASSETCATALOG_COMPILER_APPICON_NAME = AppIcon;
				ASSETCATALOG_COMPILER_GLOBAL_ACCENT_COLOR_NAME = AccentColor;
				CODE_SIGN_STYLE = Automatic;
				CURRENT_PROJECT_VERSION = 1;
				GENERATE_INFOPLIST_FILE = YES;
				INFOPLIST_FILE = GitHub/Info.plist;
				INFOPLIST_KEY_UIApplicationSupportsIndirectInputEvents = YES;
				INFOPLIST_KEY_UILaunchStoryboardName = LaunchScreen;
				INFOPLIST_KEY_UIMainStoryboardFile = Main;
				INFOPLIST_KEY_UISupportedInterfaceOrientations_iPad = "UIInterfaceOrientationPortrait UIInterfaceOrientationPortraitUpsideDown UIInterfaceOrientationLandscapeLeft UIInterfaceOrientationLandscapeRight";
				INFOPLIST_KEY_UISupportedInterfaceOrientations_iPhone = "UIInterfaceOrientationPortrait UIInterfaceOrientationLandscapeLeft UIInterfaceOrientationLandscapeRight";
				LD_RUNPATH_SEARCH_PATHS = (
					"$(inherited)",
					"@executable_path/Frameworks",
				);
				MARKETING_VERSION = 1.0;
				PRODUCT_BUNDLE_IDENTIFIER = com.capgemini.GitHub;
				PRODUCT_NAME = "$(TARGET_NAME)";
				SWIFT_EMIT_LOC_STRINGS = YES;
				SWIFT_VERSION = 5.0;
				TARGETED_DEVICE_FAMILY = "1,2";
			};
			name = Debug;
		};
		266AA3E328D86757006E07AD /* Release */ = {
			isa = XCBuildConfiguration;
			buildSettings = {
				ASSETCATALOG_COMPILER_APPICON_NAME = AppIcon;
				ASSETCATALOG_COMPILER_GLOBAL_ACCENT_COLOR_NAME = AccentColor;
				CODE_SIGN_STYLE = Automatic;
				CURRENT_PROJECT_VERSION = 1;
				GENERATE_INFOPLIST_FILE = YES;
				INFOPLIST_FILE = GitHub/Info.plist;
				INFOPLIST_KEY_UIApplicationSupportsIndirectInputEvents = YES;
				INFOPLIST_KEY_UILaunchStoryboardName = LaunchScreen;
				INFOPLIST_KEY_UIMainStoryboardFile = Main;
				INFOPLIST_KEY_UISupportedInterfaceOrientations_iPad = "UIInterfaceOrientationPortrait UIInterfaceOrientationPortraitUpsideDown UIInterfaceOrientationLandscapeLeft UIInterfaceOrientationLandscapeRight";
				INFOPLIST_KEY_UISupportedInterfaceOrientations_iPhone = "UIInterfaceOrientationPortrait UIInterfaceOrientationLandscapeLeft UIInterfaceOrientationLandscapeRight";
				LD_RUNPATH_SEARCH_PATHS = (
					"$(inherited)",
					"@executable_path/Frameworks",
				);
				MARKETING_VERSION = 1.0;
				PRODUCT_BUNDLE_IDENTIFIER = com.capgemini.GitHub;
				PRODUCT_NAME = "$(TARGET_NAME)";
				SWIFT_EMIT_LOC_STRINGS = YES;
				SWIFT_VERSION = 5.0;
				TARGETED_DEVICE_FAMILY = "1,2";
			};
			name = Release;
		};
		266AA3E528D86757006E07AD /* Debug */ = {
			isa = XCBuildConfiguration;
			buildSettings = {
				ALWAYS_EMBED_SWIFT_STANDARD_LIBRARIES = YES;
				BUNDLE_LOADER = "$(TEST_HOST)";
				CODE_SIGN_STYLE = Automatic;
				CURRENT_PROJECT_VERSION = 1;
				GENERATE_INFOPLIST_FILE = YES;
				IPHONEOS_DEPLOYMENT_TARGET = 15.2;
				MARKETING_VERSION = 1.0;
				PRODUCT_BUNDLE_IDENTIFIER = com.capgemini.GitHubTests;
				PRODUCT_NAME = "$(TARGET_NAME)";
				SWIFT_EMIT_LOC_STRINGS = NO;
				SWIFT_VERSION = 5.0;
				TARGETED_DEVICE_FAMILY = "1,2";
				TEST_HOST = "$(BUILT_PRODUCTS_DIR)/GitHub.app/GitHub";
			};
			name = Debug;
		};
		266AA3E628D86757006E07AD /* Release */ = {
			isa = XCBuildConfiguration;
			buildSettings = {
				ALWAYS_EMBED_SWIFT_STANDARD_LIBRARIES = YES;
				BUNDLE_LOADER = "$(TEST_HOST)";
				CODE_SIGN_STYLE = Automatic;
				CURRENT_PROJECT_VERSION = 1;
				GENERATE_INFOPLIST_FILE = YES;
				IPHONEOS_DEPLOYMENT_TARGET = 15.2;
				MARKETING_VERSION = 1.0;
				PRODUCT_BUNDLE_IDENTIFIER = com.capgemini.GitHubTests;
				PRODUCT_NAME = "$(TARGET_NAME)";
				SWIFT_EMIT_LOC_STRINGS = NO;
				SWIFT_VERSION = 5.0;
				TARGETED_DEVICE_FAMILY = "1,2";
				TEST_HOST = "$(BUILT_PRODUCTS_DIR)/GitHub.app/GitHub";
			};
			name = Release;
		};
		266AA3E828D86757006E07AD /* Debug */ = {
			isa = XCBuildConfiguration;
			buildSettings = {
				ALWAYS_EMBED_SWIFT_STANDARD_LIBRARIES = YES;
				CODE_SIGN_STYLE = Automatic;
				CURRENT_PROJECT_VERSION = 1;
				GENERATE_INFOPLIST_FILE = YES;
				MARKETING_VERSION = 1.0;
				PRODUCT_BUNDLE_IDENTIFIER = com.capgemini.GitHubUITests;
				PRODUCT_NAME = "$(TARGET_NAME)";
				SWIFT_EMIT_LOC_STRINGS = NO;
				SWIFT_VERSION = 5.0;
				TARGETED_DEVICE_FAMILY = "1,2";
				TEST_TARGET_NAME = GitHub;
			};
			name = Debug;
		};
		266AA3E928D86757006E07AD /* Release */ = {
			isa = XCBuildConfiguration;
			buildSettings = {
				ALWAYS_EMBED_SWIFT_STANDARD_LIBRARIES = YES;
				CODE_SIGN_STYLE = Automatic;
				CURRENT_PROJECT_VERSION = 1;
				GENERATE_INFOPLIST_FILE = YES;
				MARKETING_VERSION = 1.0;
				PRODUCT_BUNDLE_IDENTIFIER = com.capgemini.GitHubUITests;
				PRODUCT_NAME = "$(TARGET_NAME)";
				SWIFT_EMIT_LOC_STRINGS = NO;
				SWIFT_VERSION = 5.0;
				TARGETED_DEVICE_FAMILY = "1,2";
				TEST_TARGET_NAME = GitHub;
			};
			name = Release;
		};
/* End XCBuildConfiguration section */

/* Begin XCConfigurationList section */
		266AA3B228D86755006E07AD /* Build configuration list for PBXProject "GitHub" */ = {
			isa = XCConfigurationList;
			buildConfigurations = (
				266AA3DF28D86757006E07AD /* Debug */,
				266AA3E028D86757006E07AD /* Release */,
			);
			defaultConfigurationIsVisible = 0;
			defaultConfigurationName = Release;
		};
		266AA3E128D86757006E07AD /* Build configuration list for PBXNativeTarget "GitHub" */ = {
			isa = XCConfigurationList;
			buildConfigurations = (
				266AA3E228D86757006E07AD /* Debug */,
				266AA3E328D86757006E07AD /* Release */,
			);
			defaultConfigurationIsVisible = 0;
			defaultConfigurationName = Release;
		};
		266AA3E428D86757006E07AD /* Build configuration list for PBXNativeTarget "GitHubTests" */ = {
			isa = XCConfigurationList;
			buildConfigurations = (
				266AA3E528D86757006E07AD /* Debug */,
				266AA3E628D86757006E07AD /* Release */,
			);
			defaultConfigurationIsVisible = 0;
			defaultConfigurationName = Release;
		};
		266AA3E728D86757006E07AD /* Build configuration list for PBXNativeTarget "GitHubUITests" */ = {
			isa = XCConfigurationList;
			buildConfigurations = (
				266AA3E828D86757006E07AD /* Debug */,
				266AA3E928D86757006E07AD /* Release */,
			);
			defaultConfigurationIsVisible = 0;
			defaultConfigurationName = Release;
		};
/* End XCConfigurationList section */
	};
	rootObject = 266AA3AF28D86755006E07AD /* Project object */;
}
